// !$*UTF8*$!
{
	archiveVersion = 1;
	classes = {
	};
	objectVersion = 50;
	objects = {

/* Begin PBXBuildFile section */
		6CC8A45F235560C000D30584 /* AppDelegate.m in Sources */ = {isa = PBXBuildFile; fileRef = 6CC8A45E235560C000D30584 /* AppDelegate.m */; };
		6CC8A461235560C000D30584 /* art.scnassets in Resources */ = {isa = PBXBuildFile; fileRef = 6CC8A460235560C000D30584 /* art.scnassets */; };
		6CC8A464235560C000D30584 /* ViewController.m in Sources */ = {isa = PBXBuildFile; fileRef = 6CC8A463235560C000D30584 /* ViewController.m */; };
		6CC8A467235560C000D30584 /* Main.storyboard in Resources */ = {isa = PBXBuildFile; fileRef = 6CC8A465235560C000D30584 /* Main.storyboard */; };
		6CC8A469235560C100D30584 /* Assets.xcassets in Resources */ = {isa = PBXBuildFile; fileRef = 6CC8A468235560C100D30584 /* Assets.xcassets */; };
		6CC8A46C235560C100D30584 /* LaunchScreen.storyboard in Resources */ = {isa = PBXBuildFile; fileRef = 6CC8A46A235560C100D30584 /* LaunchScreen.storyboard */; };
		6CC8A46F235560C100D30584 /* main.m in Sources */ = {isa = PBXBuildFile; fileRef = 6CC8A46E235560C100D30584 /* main.m */; };
/* End PBXBuildFile section */

/* Begin PBXFileReference section */
		6CC8A45A235560C000D30584 /* WHGlass.app */ = {isa = PBXFileReference; explicitFileType = wrapper.application; includeInIndex = 0; path = WHGlass.app; sourceTree = BUILT_PRODUCTS_DIR; };
		6CC8A45D235560C000D30584 /* AppDelegate.h */ = {isa = PBXFileReference; lastKnownFileType = sourcecode.c.h; path = AppDelegate.h; sourceTree = "<group>"; };
		6CC8A45E235560C000D30584 /* AppDelegate.m */ = {isa = PBXFileReference; lastKnownFileType = sourcecode.c.objc; path = AppDelegate.m; sourceTree = "<group>"; };
		6CC8A460235560C000D30584 /* art.scnassets */ = {isa = PBXFileReference; lastKnownFileType = wrapper.scnassets; path = art.scnassets; sourceTree = "<group>"; };
		6CC8A462235560C000D30584 /* ViewController.h */ = {isa = PBXFileReference; lastKnownFileType = sourcecode.c.h; path = ViewController.h; sourceTree = "<group>"; };
		6CC8A463235560C000D30584 /* ViewController.m */ = {isa = PBXFileReference; lastKnownFileType = sourcecode.c.objc; path = ViewController.m; sourceTree = "<group>"; };
		6CC8A466235560C000D30584 /* Base */ = {isa = PBXFileReference; lastKnownFileType = file.storyboard; name = Base; path = Base.lproj/Main.storyboard; sourceTree = "<group>"; };
		6CC8A468235560C100D30584 /* Assets.xcassets */ = {isa = PBXFileReference; lastKnownFileType = folder.assetcatalog; path = Assets.xcassets; sourceTree = "<group>"; };
		6CC8A46B235560C100D30584 /* Base */ = {isa = PBXFileReference; lastKnownFileType = file.storyboard; name = Base; path = Base.lproj/LaunchScreen.storyboard; sourceTree = "<group>"; };
		6CC8A46D235560C100D30584 /* Info.plist */ = {isa = PBXFileReference; lastKnownFileType = text.plist.xml; path = Info.plist; sourceTree = "<group>"; };
		6CC8A46E235560C100D30584 /* main.m */ = {isa = PBXFileReference; lastKnownFileType = sourcecode.c.objc; path = main.m; sourceTree = "<group>"; };
/* End PBXFileReference section */

/* Begin PBXFrameworksBuildPhase section */
		6CC8A457235560C000D30584 /* Frameworks */ = {
			isa = PBXFrameworksBuildPhase;
			buildActionMask = 2147483647;
			files = (
			);
			runOnlyForDeploymentPostprocessing = 0;
		};
/* End PBXFrameworksBuildPhase section */

/* Begin PBXGroup section */
		6CC8A451235560C000D30584 = {
			isa = PBXGroup;
			children = (
				6CC8A45C235560C000D30584 /* WHGlass */,
				6CC8A45B235560C000D30584 /* Products */,
			);
			sourceTree = "<group>";
		};
		6CC8A45B235560C000D30584 /* Products */ = {
			isa = PBXGroup;
			children = (
				6CC8A45A235560C000D30584 /* WHGlass.app */,
			);
			name = Products;
			sourceTree = "<group>";
		};
		6CC8A45C235560C000D30584 /* WHGlass */ = {
			isa = PBXGroup;
			children = (
				6CC8A45D235560C000D30584 /* AppDelegate.h */,
				6CC8A45E235560C000D30584 /* AppDelegate.m */,
				6CC8A460235560C000D30584 /* art.scnassets */,
				6CC8A462235560C000D30584 /* ViewController.h */,
				6CC8A463235560C000D30584 /* ViewController.m */,
				6CC8A465235560C000D30584 /* Main.storyboard */,
				6CC8A468235560C100D30584 /* Assets.xcassets */,
				6CC8A46A235560C100D30584 /* LaunchScreen.storyboard */,
				6CC8A46D235560C100D30584 /* Info.plist */,
				6CC8A46E235560C100D30584 /* main.m */,
			);
			path = WHGlass;
			sourceTree = "<group>";
		};
/* End PBXGroup section */

/* Begin PBXNativeTarget section */
		6CC8A459235560C000D30584 /* WHGlass */ = {
			isa = PBXNativeTarget;
			buildConfigurationList = 6CC8A472235560C100D30584 /* Build configuration list for PBXNativeTarget "WHGlass" */;
			buildPhases = (
				6CC8A456235560C000D30584 /* Sources */,
				6CC8A457235560C000D30584 /* Frameworks */,
				6CC8A458235560C000D30584 /* Resources */,
			);
			buildRules = (
			);
			dependencies = (
			);
			name = WHGlass;
			productName = WHGlass;
			productReference = 6CC8A45A235560C000D30584 /* WHGlass.app */;
			productType = "com.apple.product-type.application";
		};
/* End PBXNativeTarget section */

/* Begin PBXProject section */
		6CC8A452235560C000D30584 /* Project object */ = {
			isa = PBXProject;
			attributes = {
				LastUpgradeCheck = 1110;
				ORGANIZATIONNAME = XanderXu;
				TargetAttributes = {
					6CC8A459235560C000D30584 = {
						CreatedOnToolsVersion = 11.1;
					};
				};
			};
			buildConfigurationList = 6CC8A455235560C000D30584 /* Build configuration list for PBXProject "WHGlass" */;
			compatibilityVersion = "Xcode 9.3";
			developmentRegion = en;
			hasScannedForEncodings = 0;
			knownRegions = (
				en,
				Base,
			);
			mainGroup = 6CC8A451235560C000D30584;
			productRefGroup = 6CC8A45B235560C000D30584 /* Products */;
			projectDirPath = "";
			projectRoot = "";
			targets = (
				6CC8A459235560C000D30584 /* WHGlass */,
			);
		};
/* End PBXProject section */

/* Begin PBXResourcesBuildPhase section */
		6CC8A458235560C000D30584 /* Resources */ = {
			isa = PBXResourcesBuildPhase;
			buildActionMask = 2147483647;
			files = (
				6CC8A461235560C000D30584 /* art.scnassets in Resources */,
				6CC8A46C235560C100D30584 /* LaunchScreen.storyboard in Resources */,
				6CC8A469235560C100D30584 /* Assets.xcassets in Resources */,
				6CC8A467235560C000D30584 /* Main.storyboard in Resources */,
			);
			runOnlyForDeploymentPostprocessing = 0;
		};
/* End PBXResourcesBuildPhase section */

/* Begin PBXSourcesBuildPhase section */
		6CC8A456235560C000D30584 /* Sources */ = {
			isa = PBXSourcesBuildPhase;
			buildActionMask = 2147483647;
			files = (
				6CC8A464235560C000D30584 /* ViewController.m in Sources */,
				6CC8A46F235560C100D30584 /* main.m in Sources */,
				6CC8A45F235560C000D30584 /* AppDelegate.m in Sources */,
			);
			runOnlyForDeploymentPostprocessing = 0;
		};
/* End PBXSourcesBuildPhase section */

/* Begin PBXVariantGroup section */
		6CC8A465235560C000D30584 /* Main.storyboard */ = {
			isa = PBXVariantGroup;
			children = (
				6CC8A466235560C000D30584 /* Base */,
			);
			name = Main.storyboard;
			sourceTree = "<group>";
		};
		6CC8A46A235560C100D30584 /* LaunchScreen.storyboard */ = {
			isa = PBXVariantGroup;
			children = (
				6CC8A46B235560C100D30584 /* Base */,
			);
			name = LaunchScreen.storyboard;
			sourceTree = "<group>";
		};
/* End PBXVariantGroup section */

/* Begin XCBuildConfiguration section */
		6CC8A470235560C100D30584 /* Debug */ = {
			isa = XCBuildConfiguration;
			buildSettings = {
				ALWAYS_SEARCH_USER_PATHS = NO;
				CLANG_ANALYZER_NONNULL = YES;
				CLANG_ANALYZER_NUMBER_OBJECT_CONVERSION = YES_AGGRESSIVE;
				CLANG_CXX_LANGUAGE_STANDARD = "gnu++14";
				CLANG_CXX_LIBRARY = "libc++";
				CLANG_ENABLE_MODULES = YES;
				CLANG_ENABLE_OBJC_ARC = YES;
				CLANG_ENABLE_OBJC_WEAK = YES;
				CLANG_WARN_BLOCK_CAPTURE_AUTORELEASING = YES;
				CLANG_WARN_BOOL_CONVERSION = YES;
				CLANG_WARN_COMMA = YES;
				CLANG_WARN_CONSTANT_CONVERSION = YES;
				CLANG_WARN_DEPRECATED_OBJC_IMPLEMENTATIONS = YES;
				CLANG_WARN_DIRECT_OBJC_ISA_USAGE = YES_ERROR;
				CLANG_WARN_DOCUMENTATION_COMMENTS = YES;
				CLANG_WARN_EMPTY_BODY = YES;
				CLANG_WARN_ENUM_CONVERSION = YES;
				CLANG_WARN_INFINITE_RECURSION = YES;
				CLANG_WARN_INT_CONVERSION = YES;
				CLANG_WARN_NON_LITERAL_NULL_CONVERSION = YES;
				CLANG_WARN_OBJC_IMPLICIT_RETAIN_SELF = YES;
				CLANG_WARN_OBJC_LITERAL_CONVERSION = YES;
				CLANG_WARN_OBJC_ROOT_CLASS = YES_ERROR;
				CLANG_WARN_RANGE_LOOP_ANALYSIS = YES;
				CLANG_WARN_STRICT_PROTOTYPES = YES;
				CLANG_WARN_SUSPICIOUS_MOVE = YES;
				CLANG_WARN_UNGUARDED_AVAILABILITY = YES_AGGRESSIVE;
				CLANG_WARN_UNREACHABLE_CODE = YES;
				CLANG_WARN__DUPLICATE_METHOD_MATCH = YES;
				COPY_PHASE_STRIP = NO;
				DEBUG_INFORMATION_FORMAT = dwarf;
				ENABLE_STRICT_OBJC_MSGSEND = YES;
				ENABLE_TESTABILITY = YES;
				GCC_C_LANGUAGE_STANDARD = gnu11;
				GCC_DYNAMIC_NO_PIC = NO;
				GCC_NO_COMMON_BLOCKS = YES;
				GCC_OPTIMIZATION_LEVEL = 0;
				GCC_PREPROCESSOR_DEFINITIONS = (
					"DEBUG=1",
					"$(inherited)",
				);
				GCC_WARN_64_TO_32_BIT_CONVERSION = YES;
				GCC_WARN_ABOUT_RETURN_TYPE = YES_ERROR;
				GCC_WARN_UNDECLARED_SELECTOR = YES;
				GCC_WARN_UNINITIALIZED_AUTOS = YES_AGGRESSIVE;
				GCC_WARN_UNUSED_FUNCTION = YES;
				GCC_WARN_UNUSED_VARIABLE = YES;
				IPHONEOS_DEPLOYMENT_TARGET = 13.1;
				MTL_ENABLE_DEBUG_INFO = INCLUDE_SOURCE;
				MTL_FAST_MATH = YES;
				ONLY_ACTIVE_ARCH = YES;
				SDKROOT = iphoneos;
			};
			name = Debug;
		};
		6CC8A471235560C100D30584 /* Release */ = {
			isa = XCBuildConfiguration;
			buildSettings = {
				ALWAYS_SEARCH_USER_PATHS = NO;
				CLANG_ANALYZER_NONNULL = YES;
				CLANG_ANALYZER_NUMBER_OBJECT_CONVERSION = YES_AGGRESSIVE;
				CLANG_CXX_LANGUAGE_STANDARD = "gnu++14";
				CLANG_CXX_LIBRARY = "libc++";
				CLANG_ENABLE_MODULES = YES;
				CLANG_ENABLE_OBJC_ARC = YES;
				CLANG_ENABLE_OBJC_WEAK = YES;
				CLANG_WARN_BLOCK_CAPTURE_AUTORELEASING = YES;
				CLANG_WARN_BOOL_CONVERSION = YES;
				CLANG_WARN_COMMA = YES;
				CLANG_WARN_CONSTANT_CONVERSION = YES;
				CLANG_WARN_DEPRECATED_OBJC_IMPLEMENTATIONS = YES;
				CLANG_WARN_DIRECT_OBJC_ISA_USAGE = YES_ERROR;
				CLANG_WARN_DOCUMENTATION_COMMENTS = YES;
				CLANG_WARN_EMPTY_BODY = YES;
				CLANG_WARN_ENUM_CONVERSION = YES;
				CLANG_WARN_INFINITE_RECURSION = YES;
				CLANG_WARN_INT_CONVERSION = YES;
				CLANG_WARN_NON_LITERAL_NULL_CONVERSION = YES;
				CLANG_WARN_OBJC_IMPLICIT_RETAIN_SELF = YES;
				CLANG_WARN_OBJC_LITERAL_CONVERSION = YES;
				CLANG_WARN_OBJC_ROOT_CLASS = YES_ERROR;
				CLANG_WARN_RANGE_LOOP_ANALYSIS = YES;
				CLANG_WARN_STRICT_PROTOTYPES = YES;
				CLANG_WARN_SUSPICIOUS_MOVE = YES;
				CLANG_WARN_UNGUARDED_AVAILABILITY = YES_AGGRESSIVE;
				CLANG_WARN_UNREACHABLE_CODE = YES;
				CLANG_WARN__DUPLICATE_METHOD_MATCH = YES;
				COPY_PHASE_STRIP = NO;
				DEBUG_INFORMATION_FORMAT = "dwarf-with-dsym";
				ENABLE_NS_ASSERTIONS = NO;
				ENABLE_STRICT_OBJC_MSGSEND = YES;
				GCC_C_LANGUAGE_STANDARD = gnu11;
				GCC_NO_COMMON_BLOCKS = YES;
				GCC_WARN_64_TO_32_BIT_CONVERSION = YES;
				GCC_WARN_ABOUT_RETURN_TYPE = YES_ERROR;
				GCC_WARN_UNDECLARED_SELECTOR = YES;
				GCC_WARN_UNINITIALIZED_AUTOS = YES_AGGRESSIVE;
				GCC_WARN_UNUSED_FUNCTION = YES;
				GCC_WARN_UNUSED_VARIABLE = YES;
				IPHONEOS_DEPLOYMENT_TARGET = 13.1;
				MTL_ENABLE_DEBUG_INFO = NO;
				MTL_FAST_MATH = YES;
				SDKROOT = iphoneos;
				VALIDATE_PRODUCT = YES;
			};
			name = Release;
		};
		6CC8A473235560C100D30584 /* Debug */ = {
			isa = XCBuildConfiguration;
			buildSettings = {
				ASSETCATALOG_COMPILER_APPICON_NAME = AppIcon;
				CODE_SIGN_STYLE = Automatic;
				DEVELOPMENT_TEAM = UVD5KAFD23;
				INFOPLIST_FILE = WHGlass/Info.plist;
				IPHONEOS_DEPLOYMENT_TARGET = 12.0;
				LD_RUNPATH_SEARCH_PATHS = (
					"$(inherited)",
					"@executable_path/Frameworks",
				);
				PRODUCT_BUNDLE_IDENTIFIER = com.WhyHow.WHGlass;
				PRODUCT_NAME = "$(TARGET_NAME)";
				TARGETED_DEVICE_FAMILY = "1,2";
			};
			name = Debug;
		};
		6CC8A474235560C100D30584 /* Release */ = {
			isa = XCBuildConfiguration;
			buildSettings = {
				ASSETCATALOG_COMPILER_APPICON_NAME = AppIcon;
				CODE_SIGN_STYLE = Automatic;
				DEVELOPMENT_TEAM = UVD5KAFD23;
				INFOPLIST_FILE = WHGlass/Info.plist;
				IPHONEOS_DEPLOYMENT_TARGET = 12.0;
				LD_RUNPATH_SEARCH_PATHS = (
					"$(inherited)",
					"@executable_path/Frameworks",
				);
				PRODUCT_BUNDLE_IDENTIFIER = com.WhyHow.WHGlass;
				PRODUCT_NAME = "$(TARGET_NAME)";
				TARGETED_DEVICE_FAMILY = "1,2";
			};
			name = Release;
		};
/* End XCBuildConfiguration section */

/* Begin XCConfigurationList section */
		6CC8A455235560C000D30584 /* Build configuration list for PBXProject "WHGlass" */ = {
			isa = XCConfigurationList;
			buildConfigurations = (
				6CC8A470235560C100D30584 /* Debug */,
				6CC8A471235560C100D30584 /* Release */,
			);
			defaultConfigurationIsVisible = 0;
			defaultConfigurationName = Release;
		};
		6CC8A472235560C100D30584 /* Build configuration list for PBXNativeTarget "WHGlass" */ = {
			isa = XCConfigurationList;
			buildConfigurations = (
				6CC8A473235560C100D30584 /* Debug */,
				6CC8A474235560C100D30584 /* Release */,
			);
			defaultConfigurationIsVisible = 0;
			defaultConfigurationName = Release;
		};
/* End XCConfigurationList section */
	};
	rootObject = 6CC8A452235560C000D30584 /* Project object */;
}
